// !$*UTF8*$!
{
	archiveVersion = 1;
	classes = {
	};
	objectVersion = 55;
	objects = {

/* Begin PBXBuildFile section */
		350317C927A7F05300C6AADB /* ChatViewController.swift in Sources */ = {isa = PBXBuildFile; fileRef = 350317C827A7F05300C6AADB /* ChatViewController.swift */; };
		350317CB27A80AE200C6AADB /* StorageManager.swift in Sources */ = {isa = PBXBuildFile; fileRef = 350317CA27A80AE200C6AADB /* StorageManager.swift */; };
		352A4146279EC02200C25241 /* AppDelegate.swift in Sources */ = {isa = PBXBuildFile; fileRef = 352A4145279EC02200C25241 /* AppDelegate.swift */; };
		352A4148279EC02200C25241 /* SceneDelegate.swift in Sources */ = {isa = PBXBuildFile; fileRef = 352A4147279EC02200C25241 /* SceneDelegate.swift */; };
		352A414A279EC02200C25241 /* ConversationsViewController.swift in Sources */ = {isa = PBXBuildFile; fileRef = 352A4149279EC02200C25241 /* ConversationsViewController.swift */; };
		352A414D279EC02200C25241 /* Main.storyboard in Resources */ = {isa = PBXBuildFile; fileRef = 352A414B279EC02200C25241 /* Main.storyboard */; };
		352A414F279EC02400C25241 /* Assets.xcassets in Resources */ = {isa = PBXBuildFile; fileRef = 352A414E279EC02400C25241 /* Assets.xcassets */; };
		352A4152279EC02400C25241 /* LaunchScreen.storyboard in Resources */ = {isa = PBXBuildFile; fileRef = 352A4150279EC02400C25241 /* LaunchScreen.storyboard */; };
		352A4161279EC42B00C25241 /* LoginViewController.swift in Sources */ = {isa = PBXBuildFile; fileRef = 352A4160279EC42B00C25241 /* LoginViewController.swift */; };
		352A4163279EC44400C25241 /* RegisterViewController.swift in Sources */ = {isa = PBXBuildFile; fileRef = 352A4162279EC44400C25241 /* RegisterViewController.swift */; };
		352A4165279EC46F00C25241 /* PhotoViewerViewController.swift in Sources */ = {isa = PBXBuildFile; fileRef = 352A4164279EC46F00C25241 /* PhotoViewerViewController.swift */; };
		352A4169279EC49C00C25241 /* NewCoversationViewController.swift in Sources */ = {isa = PBXBuildFile; fileRef = 352A4168279EC49C00C25241 /* NewCoversationViewController.swift */; };
		352A416B279EC4B000C25241 /* ProfileViewController.swift in Sources */ = {isa = PBXBuildFile; fileRef = 352A416A279EC4B000C25241 /* ProfileViewController.swift */; };
		352A416E279EC8D200C25241 /* Extensions.swift in Sources */ = {isa = PBXBuildFile; fileRef = 352A416D279EC8D200C25241 /* Extensions.swift */; };
		357C64C627AA6D0A00BED850 /* ConversationTableViewCell.swift in Sources */ = {isa = PBXBuildFile; fileRef = 357C64C527AA6D0A00BED850 /* ConversationTableViewCell.swift */; };
		357C64C827AC72AC00BED850 /* NewConversationCell.swift in Sources */ = {isa = PBXBuildFile; fileRef = 357C64C727AC72AC00BED850 /* NewConversationCell.swift */; };
		357F40FC279F1E6D00284919 /* GoogleService-Info.plist in Resources */ = {isa = PBXBuildFile; fileRef = 357F40FB279F1E6D00284919 /* GoogleService-Info.plist */; };
		357F40FE279F333B00284919 /* DatabaseManager.swift in Sources */ = {isa = PBXBuildFile; fileRef = 357F40FD279F333B00284919 /* DatabaseManager.swift */; };
		3598476427B15EFF00C1749A /* LocationPickerViewController.swift in Sources */ = {isa = PBXBuildFile; fileRef = 3598476327B15EFF00C1749A /* LocationPickerViewController.swift */; };
		35E63E4527B3EE3B00B82B2E /* Conversation Models.swift in Sources */ = {isa = PBXBuildFile; fileRef = 35E63E4427B3EE3B00B82B2E /* Conversation Models.swift */; };
		35E63E4727B3EE6600B82B2E /* ChatModels.swift in Sources */ = {isa = PBXBuildFile; fileRef = 35E63E4627B3EE6600B82B2E /* ChatModels.swift */; };
		35E63E4927B3EED600B82B2E /* NewConversationModels.swift in Sources */ = {isa = PBXBuildFile; fileRef = 35E63E4827B3EED600B82B2E /* NewConversationModels.swift */; };
		35E63E4B27B3EF1600B82B2E /* ProfileViewModel.swift in Sources */ = {isa = PBXBuildFile; fileRef = 35E63E4A27B3EF1600B82B2E /* ProfileViewModel.swift */; };
		63BAD1E5787C1C45488D92DB /* Pods_FirebaseChatExample.framework in Frameworks */ = {isa = PBXBuildFile; fileRef = 81EF9FC8824C400B43CE2F20 /* Pods_FirebaseChatExample.framework */; };
/* End PBXBuildFile section */

/* Begin PBXFileReference section */
		350317C827A7F05300C6AADB /* ChatViewController.swift */ = {isa = PBXFileReference; lastKnownFileType = sourcecode.swift; path = ChatViewController.swift; sourceTree = "<group>"; };
		350317CA27A80AE200C6AADB /* StorageManager.swift */ = {isa = PBXFileReference; lastKnownFileType = sourcecode.swift; path = StorageManager.swift; sourceTree = "<group>"; };
		352A4142279EC02200C25241 /* FirebaseChatExample.app */ = {isa = PBXFileReference; explicitFileType = wrapper.application; includeInIndex = 0; path = FirebaseChatExample.app; sourceTree = BUILT_PRODUCTS_DIR; };
		352A4145279EC02200C25241 /* AppDelegate.swift */ = {isa = PBXFileReference; lastKnownFileType = sourcecode.swift; path = AppDelegate.swift; sourceTree = "<group>"; };
		352A4147279EC02200C25241 /* SceneDelegate.swift */ = {isa = PBXFileReference; lastKnownFileType = sourcecode.swift; path = SceneDelegate.swift; sourceTree = "<group>"; };
		352A4149279EC02200C25241 /* ConversationsViewController.swift */ = {isa = PBXFileReference; lastKnownFileType = sourcecode.swift; path = ConversationsViewController.swift; sourceTree = "<group>"; };
		352A414C279EC02200C25241 /* Base */ = {isa = PBXFileReference; lastKnownFileType = file.storyboard; name = Base; path = Base.lproj/Main.storyboard; sourceTree = "<group>"; };
		352A414E279EC02400C25241 /* Assets.xcassets */ = {isa = PBXFileReference; lastKnownFileType = folder.assetcatalog; path = Assets.xcassets; sourceTree = "<group>"; };
		352A4151279EC02400C25241 /* Base */ = {isa = PBXFileReference; lastKnownFileType = file.storyboard; name = Base; path = Base.lproj/LaunchScreen.storyboard; sourceTree = "<group>"; };
		352A4153279EC02400C25241 /* Info.plist */ = {isa = PBXFileReference; lastKnownFileType = text.plist.xml; path = Info.plist; sourceTree = "<group>"; };
		352A4160279EC42B00C25241 /* LoginViewController.swift */ = {isa = PBXFileReference; lastKnownFileType = sourcecode.swift; path = LoginViewController.swift; sourceTree = "<group>"; };
		352A4162279EC44400C25241 /* RegisterViewController.swift */ = {isa = PBXFileReference; lastKnownFileType = sourcecode.swift; path = RegisterViewController.swift; sourceTree = "<group>"; };
		352A4164279EC46F00C25241 /* PhotoViewerViewController.swift */ = {isa = PBXFileReference; lastKnownFileType = sourcecode.swift; path = PhotoViewerViewController.swift; sourceTree = "<group>"; };
		352A4168279EC49C00C25241 /* NewCoversationViewController.swift */ = {isa = PBXFileReference; lastKnownFileType = sourcecode.swift; path = NewCoversationViewController.swift; sourceTree = "<group>"; };
		352A416A279EC4B000C25241 /* ProfileViewController.swift */ = {isa = PBXFileReference; lastKnownFileType = sourcecode.swift; path = ProfileViewController.swift; sourceTree = "<group>"; };
		352A416D279EC8D200C25241 /* Extensions.swift */ = {isa = PBXFileReference; lastKnownFileType = sourcecode.swift; path = Extensions.swift; sourceTree = "<group>"; };
		357C64C527AA6D0A00BED850 /* ConversationTableViewCell.swift */ = {isa = PBXFileReference; lastKnownFileType = sourcecode.swift; path = ConversationTableViewCell.swift; sourceTree = "<group>"; };
		357C64C727AC72AC00BED850 /* NewConversationCell.swift */ = {isa = PBXFileReference; lastKnownFileType = sourcecode.swift; path = NewConversationCell.swift; sourceTree = "<group>"; };
		357F40FB279F1E6D00284919 /* GoogleService-Info.plist */ = {isa = PBXFileReference; fileEncoding = 4; lastKnownFileType = text.plist.xml; path = "GoogleService-Info.plist"; sourceTree = "<group>"; };
		357F40FD279F333B00284919 /* DatabaseManager.swift */ = {isa = PBXFileReference; lastKnownFileType = sourcecode.swift; path = DatabaseManager.swift; sourceTree = "<group>"; };
		3598476327B15EFF00C1749A /* LocationPickerViewController.swift */ = {isa = PBXFileReference; lastKnownFileType = sourcecode.swift; path = LocationPickerViewController.swift; sourceTree = "<group>"; };
		35E63E4427B3EE3B00B82B2E /* Conversation Models.swift */ = {isa = PBXFileReference; lastKnownFileType = sourcecode.swift; path = "Conversation Models.swift"; sourceTree = "<group>"; };
		35E63E4627B3EE6600B82B2E /* ChatModels.swift */ = {isa = PBXFileReference; lastKnownFileType = sourcecode.swift; path = ChatModels.swift; sourceTree = "<group>"; };
		35E63E4827B3EED600B82B2E /* NewConversationModels.swift */ = {isa = PBXFileReference; lastKnownFileType = sourcecode.swift; path = NewConversationModels.swift; sourceTree = "<group>"; };
		35E63E4A27B3EF1600B82B2E /* ProfileViewModel.swift */ = {isa = PBXFileReference; lastKnownFileType = sourcecode.swift; path = ProfileViewModel.swift; sourceTree = "<group>"; };
		81EF9FC8824C400B43CE2F20 /* Pods_FirebaseChatExample.framework */ = {isa = PBXFileReference; explicitFileType = wrapper.framework; includeInIndex = 0; path = Pods_FirebaseChatExample.framework; sourceTree = BUILT_PRODUCTS_DIR; };
		C9C91C7BFAAD55CEB2679247 /* Pods-FirebaseChatExample.release.xcconfig */ = {isa = PBXFileReference; includeInIndex = 1; lastKnownFileType = text.xcconfig; name = "Pods-FirebaseChatExample.release.xcconfig"; path = "Target Support Files/Pods-FirebaseChatExample/Pods-FirebaseChatExample.release.xcconfig"; sourceTree = "<group>"; };
		D60EEAAE223820ED41B97B6C /* Pods-FirebaseChatExample.debug.xcconfig */ = {isa = PBXFileReference; includeInIndex = 1; lastKnownFileType = text.xcconfig; name = "Pods-FirebaseChatExample.debug.xcconfig"; path = "Target Support Files/Pods-FirebaseChatExample/Pods-FirebaseChatExample.debug.xcconfig"; sourceTree = "<group>"; };
/* End PBXFileReference section */

/* Begin PBXFrameworksBuildPhase section */
		352A413F279EC02200C25241 /* Frameworks */ = {
			isa = PBXFrameworksBuildPhase;
			buildActionMask = 2147483647;
			files = (
				63BAD1E5787C1C45488D92DB /* Pods_FirebaseChatExample.framework in Frameworks */,
			);
			runOnlyForDeploymentPostprocessing = 0;
		};
/* End PBXFrameworksBuildPhase section */

/* Begin PBXGroup section */
		352A4139279EC02200C25241 = {
			isa = PBXGroup;
			children = (
				352A4144279EC02200C25241 /* FirebaseChatExample */,
				352A4143279EC02200C25241 /* Products */,
				EDFC3AFF047264CFFA78790E /* Pods */,
				BA266C59D3FF72AFD8CEB5B4 /* Frameworks */,
			);
			sourceTree = "<group>";
		};
		352A4143279EC02200C25241 /* Products */ = {
			isa = PBXGroup;
			children = (
				352A4142279EC02200C25241 /* FirebaseChatExample.app */,
			);
			name = Products;
			sourceTree = "<group>";
		};
		352A4144279EC02200C25241 /* FirebaseChatExample */ = {
			isa = PBXGroup;
			children = (
				357F40FB279F1E6D00284919 /* GoogleService-Info.plist */,
				352A415E279EC29A00C25241 /* Resources */,
				352A415D279EC29200C25241 /* ViewModels */,
				352A415C279EC28A00C25241 /* Models */,
				352A415B279EC27C00C25241 /* Views */,
				352A4159279EC26300C25241 /* Controllers */,
				352A4153279EC02400C25241 /* Info.plist */,
			);
			path = FirebaseChatExample;
			sourceTree = "<group>";
		};
		352A4159279EC26300C25241 /* Controllers */ = {
			isa = PBXGroup;
			children = (
				352A4149279EC02200C25241 /* ConversationsViewController.swift */,
				350317C827A7F05300C6AADB /* ChatViewController.swift */,
				352A416C279EC55B00C25241 /* Login */,
				352A4164279EC46F00C25241 /* PhotoViewerViewController.swift */,
				352A4168279EC49C00C25241 /* NewCoversationViewController.swift */,
				352A416A279EC4B000C25241 /* ProfileViewController.swift */,
				3598476327B15EFF00C1749A /* LocationPickerViewController.swift */,
			);
			path = Controllers;
			sourceTree = "<group>";
		};
		352A415B279EC27C00C25241 /* Views */ = {
			isa = PBXGroup;
			children = (
				352A415F279EC2C400C25241 /* Storyboards */,
				357C64C527AA6D0A00BED850 /* ConversationTableViewCell.swift */,
				357C64C727AC72AC00BED850 /* NewConversationCell.swift */,
			);
			path = Views;
			sourceTree = "<group>";
		};
		352A415C279EC28A00C25241 /* Models */ = {
			isa = PBXGroup;
			children = (
				35E63E4427B3EE3B00B82B2E /* Conversation Models.swift */,
				35E63E4627B3EE6600B82B2E /* ChatModels.swift */,
				35E63E4827B3EED600B82B2E /* NewConversationModels.swift */,
				35E63E4A27B3EF1600B82B2E /* ProfileViewModel.swift */,
			);
			path = Models;
			sourceTree = "<group>";
		};
		352A415D279EC29200C25241 /* ViewModels */ = {
			isa = PBXGroup;
			children = (
			);
			path = ViewModels;
			sourceTree = "<group>";
		};
		352A415E279EC29A00C25241 /* Resources */ = {
			isa = PBXGroup;
			children = (
				352A4145279EC02200C25241 /* AppDelegate.swift */,
				352A4147279EC02200C25241 /* SceneDelegate.swift */,
				352A416D279EC8D200C25241 /* Extensions.swift */,
				357F40FD279F333B00284919 /* DatabaseManager.swift */,
				350317CA27A80AE200C6AADB /* StorageManager.swift */,
			);
			path = Resources;
			sourceTree = "<group>";
		};
		352A415F279EC2C400C25241 /* Storyboards */ = {
			isa = PBXGroup;
			children = (
				352A414B279EC02200C25241 /* Main.storyboard */,
				352A414E279EC02400C25241 /* Assets.xcassets */,
				352A4150279EC02400C25241 /* LaunchScreen.storyboard */,
			);
			path = Storyboards;
			sourceTree = "<group>";
		};
		352A416C279EC55B00C25241 /* Login */ = {
			isa = PBXGroup;
			children = (
				352A4160279EC42B00C25241 /* LoginViewController.swift */,
				352A4162279EC44400C25241 /* RegisterViewController.swift */,
			);
			path = Login;
			sourceTree = "<group>";
		};
		BA266C59D3FF72AFD8CEB5B4 /* Frameworks */ = {
			isa = PBXGroup;
			children = (
				81EF9FC8824C400B43CE2F20 /* Pods_FirebaseChatExample.framework */,
			);
			name = Frameworks;
			sourceTree = "<group>";
		};
		EDFC3AFF047264CFFA78790E /* Pods */ = {
			isa = PBXGroup;
			children = (
				D60EEAAE223820ED41B97B6C /* Pods-FirebaseChatExample.debug.xcconfig */,
				C9C91C7BFAAD55CEB2679247 /* Pods-FirebaseChatExample.release.xcconfig */,
			);
			path = Pods;
			sourceTree = "<group>";
		};
/* End PBXGroup section */

/* Begin PBXNativeTarget section */
		352A4141279EC02200C25241 /* FirebaseChatExample */ = {
			isa = PBXNativeTarget;
			buildConfigurationList = 352A4156279EC02400C25241 /* Build configuration list for PBXNativeTarget "FirebaseChatExample" */;
			buildPhases = (
				2BE165299F14B962C884F8A1 /* [CP] Check Pods Manifest.lock */,
				352A413E279EC02200C25241 /* Sources */,
				352A413F279EC02200C25241 /* Frameworks */,
				352A4140279EC02200C25241 /* Resources */,
				727A6A66FFDAD81FF42BAF2F /* [CP] Embed Pods Frameworks */,
				35E63E4327B2983E00B82B2E /* ShellScript */,
			);
			buildRules = (
			);
			dependencies = (
			);
			name = FirebaseChatExample;
			productName = FirebaseChatExample;
			productReference = 352A4142279EC02200C25241 /* FirebaseChatExample.app */;
			productType = "com.apple.product-type.application";
		};
/* End PBXNativeTarget section */

/* Begin PBXProject section */
		352A413A279EC02200C25241 /* Project object */ = {
			isa = PBXProject;
			attributes = {
				BuildIndependentTargetsInParallel = 1;
				LastSwiftUpdateCheck = 1320;
				LastUpgradeCheck = 1320;
				TargetAttributes = {
					352A4141279EC02200C25241 = {
						CreatedOnToolsVersion = 13.2.1;
					};
				};
			};
			buildConfigurationList = 352A413D279EC02200C25241 /* Build configuration list for PBXProject "FirebaseChatExample" */;
			compatibilityVersion = "Xcode 13.0";
			developmentRegion = en;
			hasScannedForEncodings = 0;
			knownRegions = (
				en,
				Base,
			);
			mainGroup = 352A4139279EC02200C25241;
			productRefGroup = 352A4143279EC02200C25241 /* Products */;
			projectDirPath = "";
			projectRoot = "";
			targets = (
				352A4141279EC02200C25241 /* FirebaseChatExample */,
			);
		};
/* End PBXProject section */

/* Begin PBXResourcesBuildPhase section */
		352A4140279EC02200C25241 /* Resources */ = {
			isa = PBXResourcesBuildPhase;
			buildActionMask = 2147483647;
			files = (
				352A4152279EC02400C25241 /* LaunchScreen.storyboard in Resources */,
				357F40FC279F1E6D00284919 /* GoogleService-Info.plist in Resources */,
				352A414F279EC02400C25241 /* Assets.xcassets in Resources */,
				352A414D279EC02200C25241 /* Main.storyboard in Resources */,
			);
			runOnlyForDeploymentPostprocessing = 0;
		};
/* End PBXResourcesBuildPhase section */

/* Begin PBXShellScriptBuildPhase section */
		2BE165299F14B962C884F8A1 /* [CP] Check Pods Manifest.lock */ = {
			isa = PBXShellScriptBuildPhase;
			buildActionMask = 2147483647;
			files = (
			);
			inputFileListPaths = (
			);
			inputPaths = (
				"${PODS_PODFILE_DIR_PATH}/Podfile.lock",
				"${PODS_ROOT}/Manifest.lock",
			);
			name = "[CP] Check Pods Manifest.lock";
			outputFileListPaths = (
			);
			outputPaths = (
				"$(DERIVED_FILE_DIR)/Pods-FirebaseChatExample-checkManifestLockResult.txt",
			);
			runOnlyForDeploymentPostprocessing = 0;
			shellPath = /bin/sh;
			shellScript = "diff \"${PODS_PODFILE_DIR_PATH}/Podfile.lock\" \"${PODS_ROOT}/Manifest.lock\" > /dev/null\nif [ $? != 0 ] ; then\n    # print error to STDERR\n    echo \"error: The sandbox is not in sync with the Podfile.lock. Run 'pod install' or update your CocoaPods installation.\" >&2\n    exit 1\nfi\n# This output is used by Xcode 'outputs' to avoid re-running this script phase.\necho \"SUCCESS\" > \"${SCRIPT_OUTPUT_FILE_0}\"\n";
			showEnvVarsInLog = 0;
		};
		35E63E4327B2983E00B82B2E /* ShellScript */ = {
			isa = PBXShellScriptBuildPhase;
			buildActionMask = 2147483647;
			files = (
			);
			inputFileListPaths = (
			);
			inputPaths = (
			);
			outputFileListPaths = (
			);
			outputPaths = (
			);
			runOnlyForDeploymentPostprocessing = 0;
			shellPath = /bin/sh;
			shellScript = "\"${PODS_ROOT}/FirebaseCrashlytics/run\"\n";
		};
		727A6A66FFDAD81FF42BAF2F /* [CP] Embed Pods Frameworks */ = {
			isa = PBXShellScriptBuildPhase;
			buildActionMask = 2147483647;
			files = (
			);
			inputFileListPaths = (
				"${PODS_ROOT}/Target Support Files/Pods-FirebaseChatExample/Pods-FirebaseChatExample-frameworks-${CONFIGURATION}-input-files.xcfilelist",
			);
			name = "[CP] Embed Pods Frameworks";
			outputFileListPaths = (
				"${PODS_ROOT}/Target Support Files/Pods-FirebaseChatExample/Pods-FirebaseChatExample-frameworks-${CONFIGURATION}-output-files.xcfilelist",
			);
			runOnlyForDeploymentPostprocessing = 0;
			shellPath = /bin/sh;
			shellScript = "\"${PODS_ROOT}/Target Support Files/Pods-FirebaseChatExample/Pods-FirebaseChatExample-frameworks.sh\"\n";
			showEnvVarsInLog = 0;
		};
/* End PBXShellScriptBuildPhase section */

/* Begin PBXSourcesBuildPhase section */
		352A413E279EC02200C25241 /* Sources */ = {
			isa = PBXSourcesBuildPhase;
			buildActionMask = 2147483647;
			files = (
				352A4161279EC42B00C25241 /* LoginViewController.swift in Sources */,
				35E63E4B27B3EF1600B82B2E /* ProfileViewModel.swift in Sources */,
				357C64C827AC72AC00BED850 /* NewConversationCell.swift in Sources */,
				357F40FE279F333B00284919 /* DatabaseManager.swift in Sources */,
				35E63E4727B3EE6600B82B2E /* ChatModels.swift in Sources */,
				352A4163279EC44400C25241 /* RegisterViewController.swift in Sources */,
				352A414A279EC02200C25241 /* ConversationsViewController.swift in Sources */,
				352A4146279EC02200C25241 /* AppDelegate.swift in Sources */,
				352A416E279EC8D200C25241 /* Extensions.swift in Sources */,
				35E63E4927B3EED600B82B2E /* NewConversationModels.swift in Sources */,
				352A4148279EC02200C25241 /* SceneDelegate.swift in Sources */,
				352A416B279EC4B000C25241 /* ProfileViewController.swift in Sources */,
				352A4165279EC46F00C25241 /* PhotoViewerViewController.swift in Sources */,
				35E63E4527B3EE3B00B82B2E /* Conversation Models.swift in Sources */,
				357C64C627AA6D0A00BED850 /* ConversationTableViewCell.swift in Sources */,
				350317C927A7F05300C6AADB /* ChatViewController.swift in Sources */,
				352A4169279EC49C00C25241 /* NewCoversationViewController.swift in Sources */,
				350317CB27A80AE200C6AADB /* StorageManager.swift in Sources */,
				3598476427B15EFF00C1749A /* LocationPickerViewController.swift in Sources */,
			);
			runOnlyForDeploymentPostprocessing = 0;
		};
/* End PBXSourcesBuildPhase section */

/* Begin PBXVariantGroup section */
		352A414B279EC02200C25241 /* Main.storyboard */ = {
			isa = PBXVariantGroup;
			children = (
				352A414C279EC02200C25241 /* Base */,
			);
			name = Main.storyboard;
			sourceTree = "<group>";
		};
		352A4150279EC02400C25241 /* LaunchScreen.storyboard */ = {
			isa = PBXVariantGroup;
			children = (
				352A4151279EC02400C25241 /* Base */,
			);
			name = LaunchScreen.storyboard;
			sourceTree = "<group>";
		};
/* End PBXVariantGroup section */

/* Begin XCBuildConfiguration section */
		352A4154279EC02400C25241 /* Debug */ = {
			isa = XCBuildConfiguration;
			buildSettings = {
				ALWAYS_SEARCH_USER_PATHS = NO;
				CLANG_ANALYZER_NONNULL = YES;
				CLANG_ANALYZER_NUMBER_OBJECT_CONVERSION = YES_AGGRESSIVE;
				CLANG_CXX_LANGUAGE_STANDARD = "gnu++17";
				CLANG_CXX_LIBRARY = "libc++";
				CLANG_ENABLE_MODULES = YES;
				CLANG_ENABLE_OBJC_ARC = YES;
				CLANG_ENABLE_OBJC_WEAK = YES;
				CLANG_WARN_BLOCK_CAPTURE_AUTORELEASING = YES;
				CLANG_WARN_BOOL_CONVERSION = YES;
				CLANG_WARN_COMMA = YES;
				CLANG_WARN_CONSTANT_CONVERSION = YES;
				CLANG_WARN_DEPRECATED_OBJC_IMPLEMENTATIONS = YES;
				CLANG_WARN_DIRECT_OBJC_ISA_USAGE = YES_ERROR;
				CLANG_WARN_DOCUMENTATION_COMMENTS = YES;
				CLANG_WARN_EMPTY_BODY = YES;
				CLANG_WARN_ENUM_CONVERSION = YES;
				CLANG_WARN_INFINITE_RECURSION = YES;
				CLANG_WARN_INT_CONVERSION = YES;
				CLANG_WARN_NON_LITERAL_NULL_CONVERSION = YES;
				CLANG_WARN_OBJC_IMPLICIT_RETAIN_SELF = YES;
				CLANG_WARN_OBJC_LITERAL_CONVERSION = YES;
				CLANG_WARN_OBJC_ROOT_CLASS = YES_ERROR;
				CLANG_WARN_QUOTED_INCLUDE_IN_FRAMEWORK_HEADER = YES;
				CLANG_WARN_RANGE_LOOP_ANALYSIS = YES;
				CLANG_WARN_STRICT_PROTOTYPES = YES;
				CLANG_WARN_SUSPICIOUS_MOVE = YES;
				CLANG_WARN_UNGUARDED_AVAILABILITY = YES_AGGRESSIVE;
				CLANG_WARN_UNREACHABLE_CODE = YES;
				CLANG_WARN__DUPLICATE_METHOD_MATCH = YES;
				COPY_PHASE_STRIP = NO;
				DEBUG_INFORMATION_FORMAT = "dwarf-with-dsym";
				ENABLE_STRICT_OBJC_MSGSEND = YES;
				ENABLE_TESTABILITY = YES;
				GCC_C_LANGUAGE_STANDARD = gnu11;
				GCC_DYNAMIC_NO_PIC = NO;
				GCC_NO_COMMON_BLOCKS = YES;
				GCC_OPTIMIZATION_LEVEL = 0;
				GCC_PREPROCESSOR_DEFINITIONS = (
					"DEBUG=1",
					"$(inherited)",
				);
				GCC_WARN_64_TO_32_BIT_CONVERSION = YES;
				GCC_WARN_ABOUT_RETURN_TYPE = YES_ERROR;
				GCC_WARN_UNDECLARED_SELECTOR = YES;
				GCC_WARN_UNINITIALIZED_AUTOS = YES_AGGRESSIVE;
				GCC_WARN_UNUSED_FUNCTION = YES;
				GCC_WARN_UNUSED_VARIABLE = YES;
				IPHONEOS_DEPLOYMENT_TARGET = 15.2;
				MTL_ENABLE_DEBUG_INFO = INCLUDE_SOURCE;
				MTL_FAST_MATH = YES;
				ONLY_ACTIVE_ARCH = YES;
				SDKROOT = iphoneos;
				SWIFT_ACTIVE_COMPILATION_CONDITIONS = DEBUG;
				SWIFT_OPTIMIZATION_LEVEL = "-Onone";
			};
			name = Debug;
		};
		352A4155279EC02400C25241 /* Release */ = {
			isa = XCBuildConfiguration;
			buildSettings = {
				ALWAYS_SEARCH_USER_PATHS = NO;
				CLANG_ANALYZER_NONNULL = YES;
				CLANG_ANALYZER_NUMBER_OBJECT_CONVERSION = YES_AGGRESSIVE;
				CLANG_CXX_LANGUAGE_STANDARD = "gnu++17";
				CLANG_CXX_LIBRARY = "libc++";
				CLANG_ENABLE_MODULES = YES;
				CLANG_ENABLE_OBJC_ARC = YES;
				CLANG_ENABLE_OBJC_WEAK = YES;
				CLANG_WARN_BLOCK_CAPTURE_AUTORELEASING = YES;
				CLANG_WARN_BOOL_CONVERSION = YES;
				CLANG_WARN_COMMA = YES;
				CLANG_WARN_CONSTANT_CONVERSION = YES;
				CLANG_WARN_DEPRECATED_OBJC_IMPLEMENTATIONS = YES;
				CLANG_WARN_DIRECT_OBJC_ISA_USAGE = YES_ERROR;
				CLANG_WARN_DOCUMENTATION_COMMENTS = YES;
				CLANG_WARN_EMPTY_BODY = YES;
				CLANG_WARN_ENUM_CONVERSION = YES;
				CLANG_WARN_INFINITE_RECURSION = YES;
				CLANG_WARN_INT_CONVERSION = YES;
				CLANG_WARN_NON_LITERAL_NULL_CONVERSION = YES;
				CLANG_WARN_OBJC_IMPLICIT_RETAIN_SELF = YES;
				CLANG_WARN_OBJC_LITERAL_CONVERSION = YES;
				CLANG_WARN_OBJC_ROOT_CLASS = YES_ERROR;
				CLANG_WARN_QUOTED_INCLUDE_IN_FRAMEWORK_HEADER = YES;
				CLANG_WARN_RANGE_LOOP_ANALYSIS = YES;
				CLANG_WARN_STRICT_PROTOTYPES = YES;
				CLANG_WARN_SUSPICIOUS_MOVE = YES;
				CLANG_WARN_UNGUARDED_AVAILABILITY = YES_AGGRESSIVE;
				CLANG_WARN_UNREACHABLE_CODE = YES;
				CLANG_WARN__DUPLICATE_METHOD_MATCH = YES;
				COPY_PHASE_STRIP = NO;
				DEBUG_INFORMATION_FORMAT = "dwarf-with-dsym";
				ENABLE_NS_ASSERTIONS = NO;
				ENABLE_STRICT_OBJC_MSGSEND = YES;
				GCC_C_LANGUAGE_STANDARD = gnu11;
				GCC_NO_COMMON_BLOCKS = YES;
				GCC_WARN_64_TO_32_BIT_CONVERSION = YES;
				GCC_WARN_ABOUT_RETURN_TYPE = YES_ERROR;
				GCC_WARN_UNDECLARED_SELECTOR = YES;
				GCC_WARN_UNINITIALIZED_AUTOS = YES_AGGRESSIVE;
				GCC_WARN_UNUSED_FUNCTION = YES;
				GCC_WARN_UNUSED_VARIABLE = YES;
				IPHONEOS_DEPLOYMENT_TARGET = 15.2;
				MTL_ENABLE_DEBUG_INFO = NO;
				MTL_FAST_MATH = YES;
				SDKROOT = iphoneos;
				SWIFT_COMPILATION_MODE = wholemodule;
				SWIFT_OPTIMIZATION_LEVEL = "-O";
				VALIDATE_PRODUCT = YES;
			};
			name = Release;
		};
		352A4157279EC02400C25241 /* Debug */ = {
			isa = XCBuildConfiguration;
			baseConfigurationReference = D60EEAAE223820ED41B97B6C /* Pods-FirebaseChatExample.debug.xcconfig */;
			buildSettings = {
				ASSETCATALOG_COMPILER_APPICON_NAME = AppIcon;
				ASSETCATALOG_COMPILER_GLOBAL_ACCENT_COLOR_NAME = AccentColor;
				CODE_SIGN_STYLE = Automatic;
				CURRENT_PROJECT_VERSION = 1;
				DEVELOPMENT_TEAM = Y7D9L7KUJ9;
				GENERATE_INFOPLIST_FILE = YES;
				INFOPLIST_FILE = FirebaseChatExample/Info.plist;
				INFOPLIST_KEY_NSCameraUsageDescription = "Please allow access to take a podfile picture ";
				INFOPLIST_KEY_NSPhotoLibraryUsageDescription = "Please allow access to select photo to ypur profile";
				INFOPLIST_KEY_UIApplicationSupportsIndirectInputEvents = YES;
				INFOPLIST_KEY_UILaunchStoryboardName = LaunchScreen;
				INFOPLIST_KEY_UIMainStoryboardFile = Main;
				INFOPLIST_KEY_UISupportedInterfaceOrientations = UIInterfaceOrientationPortrait;
				INFOPLIST_KEY_UISupportedInterfaceOrientations_iPad = "UIInterfaceOrientationPortrait UIInterfaceOrientationPortraitUpsideDown";
				INFOPLIST_KEY_UISupportedInterfaceOrientations_iPhone = "UIInterfaceOrientationPortrait UIInterfaceOrientationLandscapeLeft UIInterfaceOrientationLandscapeRight";
				LD_RUNPATH_SEARCH_PATHS = (
					"$(inherited)",
					"@executable_path/Frameworks",
				);
				MARKETING_VERSION = 1.0;
				PRODUCT_BUNDLE_IDENTIFIER = ru.holejoykin.FirebaseChatExample;
				PRODUCT_NAME = "$(TARGET_NAME)";
				SWIFT_EMIT_LOC_STRINGS = YES;
				SWIFT_VERSION = 5.0;
				TARGETED_DEVICE_FAMILY = "1,2";
			};
			name = Debug;
		};
		352A4158279EC02400C25241 /* Release */ = {
			isa = XCBuildConfiguration;
			baseConfigurationReference = C9C91C7BFAAD55CEB2679247 /* Pods-FirebaseChatExample.release.xcconfig */;
			buildSettings = {
				ASSETCATALOG_COMPILER_APPICON_NAME = AppIcon;
				ASSETCATALOG_COMPILER_GLOBAL_ACCENT_COLOR_NAME = AccentColor;
				CODE_SIGN_STYLE = Automatic;
				CURRENT_PROJECT_VERSION = 1;
				DEVELOPMENT_TEAM = Y7D9L7KUJ9;
				GENERATE_INFOPLIST_FILE = YES;
				INFOPLIST_FILE = FirebaseChatExample/Info.plist;
				INFOPLIST_KEY_NSCameraUsageDescription = "Please allow access to take a podfile picture ";
				INFOPLIST_KEY_NSPhotoLibraryUsageDescription = "Please allow access to select photo to ypur profile";
				INFOPLIST_KEY_UIApplicationSupportsIndirectInputEvents = YES;
				INFOPLIST_KEY_UILaunchStoryboardName = LaunchScreen;
				INFOPLIST_KEY_UIMainStoryboardFile = Main;
				INFOPLIST_KEY_UISupportedInterfaceOrientations = UIInterfaceOrientationPortrait;
				INFOPLIST_KEY_UISupportedInterfaceOrientations_iPad = "UIInterfaceOrientationPortrait UIInterfaceOrientationPortraitUpsideDown";
				INFOPLIST_KEY_UISupportedInterfaceOrientations_iPhone = "UIInterfaceOrientationPortrait UIInterfaceOrientationLandscapeLeft UIInterfaceOrientationLandscapeRight";
				LD_RUNPATH_SEARCH_PATHS = (
					"$(inherited)",
					"@executable_path/Frameworks",
				);
				MARKETING_VERSION = 1.0;
				PRODUCT_BUNDLE_IDENTIFIER = ru.holejoykin.FirebaseChatExample;
				PRODUCT_NAME = "$(TARGET_NAME)";
				SWIFT_EMIT_LOC_STRINGS = YES;
				SWIFT_VERSION = 5.0;
				TARGETED_DEVICE_FAMILY = "1,2";
			};
			name = Release;
		};
/* End XCBuildConfiguration section */

/* Begin XCConfigurationList section */
		352A413D279EC02200C25241 /* Build configuration list for PBXProject "FirebaseChatExample" */ = {
			isa = XCConfigurationList;
			buildConfigurations = (
				352A4154279EC02400C25241 /* Debug */,
				352A4155279EC02400C25241 /* Release */,
			);
			defaultConfigurationIsVisible = 0;
			defaultConfigurationName = Release;
		};
		352A4156279EC02400C25241 /* Build configuration list for PBXNativeTarget "FirebaseChatExample" */ = {
			isa = XCConfigurationList;
			buildConfigurations = (
				352A4157279EC02400C25241 /* Debug */,
				352A4158279EC02400C25241 /* Release */,
			);
			defaultConfigurationIsVisible = 0;
			defaultConfigurationName = Release;
		};
/* End XCConfigurationList section */
	};
	rootObject = 352A413A279EC02200C25241 /* Project object */;
}
